
Microsoft Visual Studio Solution File, Format Version 12.00
# Visual Studio Version 17
VisualStudioVersion = 17.9.34701.34
MinimumVisualStudioVersion = 10.0.40219.1
Project("{2150E333-8FDC-42A3-9474-1A3956D46DE8}") = "Solution Items", "Solution Items", "{36D591C7-65C7-A0D1-1CBC-10CDE441BDC8}"
	ProjectSection(SolutionItems) = preProject
		.editorconfig = .editorconfig
		Directory.Build.props = Directory.Build.props
	EndProjectSection
EndProject
Project("{2150E333-8FDC-42A3-9474-1A3956D46DE8}") = "src", "src", "{53E30C27-5495-41E4-9D60-BAA20E34C374}"
EndProject
Project("{2150E333-8FDC-42A3-9474-1A3956D46DE8}") = "API", "API", "{42FB6429-757F-4AC4-865C-4D93E9AA0FF7}"
EndProject
Project("{2150E333-8FDC-42A3-9474-1A3956D46DE8}") = "Modules", "Modules", "{71F96BCB-18F6-4E07-8136-096C62DFB821}"
EndProject
Project("{FAE04EC0-301F-11D3-BF4B-00C04F79EFBC}") = "Evently.Api", "src\API\Evently.Api\Evently.Api.csproj", "{69633D7F-9F82-49F7-9724-AEB93BCDE98C}"
EndProject
Project("{2150E333-8FDC-42A3-9474-1A3956D46DE8}") = "Events", "Events", "{1DBB77A2-CCEE-4FE6-9287-85202FBE054B}"
EndProject
Project("{E53339B2-1760-4266-BCC7-CA923CBCF16C}") = "docker-compose", "docker-compose.dcproj", "{81DDED9D-158B-E303-5F62-77A2896D2A5A}"
EndProject
Project("{FAE04EC0-301F-11D3-BF4B-00C04F79EFBC}") = "Evently.Modules.Events.Domain", "src\Modules\Events\Evently.Modules.Events.Domain\Evently.Modules.Events.Domain.csproj", "{574F6732-DF56-438D-9AA6-9C9B801A2E55}"
EndProject
Project("{FAE04EC0-301F-11D3-BF4B-00C04F79EFBC}") = "Evently.Modules.Events.Application", "src\Modules\Events\Evently.Modules.Events.Application\Evently.Modules.Events.Application.csproj", "{4614595C-CAB7-4FF4-A932-519F4B8FEEAF}"
EndProject
Project("{FAE04EC0-301F-11D3-BF4B-00C04F79EFBC}") = "Evently.Modules.Events.Infrastructure", "src\Modules\Events\Evently.Modules.Events.Infrastructure\Evently.Modules.Events.Infrastructure.csproj", "{C62A7CD6-2A56-438A-B738-5F24A018ED09}"
EndProject
Project("{FAE04EC0-301F-11D3-BF4B-00C04F79EFBC}") = "Evently.Modules.Events.Presentation", "src\Modules\Events\Evently.Modules.Events.Presentation\Evently.Modules.Events.Presentation.csproj", "{7A0FCEC2-9400-CB8A-96ED-7F61D04B5F45}"
EndProject
Project("{2150E333-8FDC-42A3-9474-1A3956D46DE8}") = "Common", "Common", "{4C221089-B7AC-4D3C-A7E7-E110BABBF0CE}"
EndProject
Project("{FAE04EC0-301F-11D3-BF4B-00C04F79EFBC}") = "Evently.Common.Application", "src\Common\Evently.Common.Application\Evently.Common.Application.csproj", "{EC72D821-A882-3355-48C1-ED3C4AEF846C}"
EndProject
Project("{FAE04EC0-301F-11D3-BF4B-00C04F79EFBC}") = "Evently.Common.Domain", "src\Common\Evently.Common.Domain\Evently.Common.Domain.csproj", "{E29BEEAC-19FC-96B2-60C2-EC51EE97D6DE}"
EndProject
Project("{FAE04EC0-301F-11D3-BF4B-00C04F79EFBC}") = "Evently.Common.Infrastructure", "src\Common\Evently.Common.Infrastructure\Evently.Common.Infrastructure.csproj", "{E9688CBE-619E-D24B-CD7E-40190988778A}"
EndProject
Project("{FAE04EC0-301F-11D3-BF4B-00C04F79EFBC}") = "Evently.Common.Presentation", "src\Common\Evently.Common.Presentation\Evently.Common.Presentation.csproj", "{B1A7A4DC-F05D-0EB4-59D9-D82DD9C6F5E5}"
EndProject
Project("{2150E333-8FDC-42A3-9474-1A3956D46DE8}") = "Users", "Users", "{8B1C0B55-F22A-4DFC-A0D1-86427713D68C}"
EndProject
Project("{FAE04EC0-301F-11D3-BF4B-00C04F79EFBC}") = "Evently.Modules.Users.Application", "src\Modules\Users\Evently.Modules.Users.Application\Evently.Modules.Users.Application.csproj", "{E06F8A9C-BCA0-4A5B-C204-3A127E9A0754}"
EndProject
Project("{FAE04EC0-301F-11D3-BF4B-00C04F79EFBC}") = "Evently.Modules.Users.Domain", "src\Modules\Users\Evently.Modules.Users.Domain\Evently.Modules.Users.Domain.csproj", "{C040CD69-809E-F02C-DC96-69D578C4A0B4}"
EndProject
Project("{FAE04EC0-301F-11D3-BF4B-00C04F79EFBC}") = "Evently.Modules.Users.Infrastructure", "src\Modules\Users\Evently.Modules.Users.Infrastructure\Evently.Modules.Users.Infrastructure.csproj", "{EE62E27E-5630-A55A-D7D8-71C6DF796BB3}"
EndProject
Project("{FAE04EC0-301F-11D3-BF4B-00C04F79EFBC}") = "Evently.Modules.Users.Presentation", "src\Modules\Users\Evently.Modules.Users.Presentation\Evently.Modules.Users.Presentation.csproj", "{322B57BC-0FE6-D9DD-6EE8-5D66AB133387}"
EndProject
Project("{2150E333-8FDC-42A3-9474-1A3956D46DE8}") = "Ticketing", "Ticketing", "{887F6761-6860-4484-8F25-6AD0647E1F16}"
EndProject
Project("{FAE04EC0-301F-11D3-BF4B-00C04F79EFBC}") = "Evently.Modules.Ticketing.Application", "src\Modules\Ticketing\Evently.Modules.Ticketing.Application\Evently.Modules.Ticketing.Application.csproj", "{F87A0D6E-FF6D-2B95-0C11-FBC6D71C7D83}"
EndProject
Project("{FAE04EC0-301F-11D3-BF4B-00C04F79EFBC}") = "Evently.Modules.Ticketing.Domain", "src\Modules\Ticketing\Evently.Modules.Ticketing.Domain\Evently.Modules.Ticketing.Domain.csproj", "{C6D4E946-820A-9ECE-A47A-D744F8FE2D72}"
EndProject
Project("{FAE04EC0-301F-11D3-BF4B-00C04F79EFBC}") = "Evently.Modules.Ticketing.Infrastructure", "src\Modules\Ticketing\Evently.Modules.Ticketing.Infrastructure\Evently.Modules.Ticketing.Infrastructure.csproj", "{3CE32BF2-1A88-A9F4-3897-90E773F68223}"
EndProject
Project("{FAE04EC0-301F-11D3-BF4B-00C04F79EFBC}") = "Evently.Modules.Ticketing.Presentation", "src\Modules\Ticketing\Evently.Modules.Ticketing.Presentation\Evently.Modules.Ticketing.Presentation.csproj", "{82C39FB7-C060-23BA-23B2-EE4F3B469D47}"
EndProject
Project("{FAE04EC0-301F-11D3-BF4B-00C04F79EFBC}") = "Evently.Modules.Users.PublicApi", "src\Modules\Users\Evently.Modules.Users.PublicApi\Evently.Modules.Users.PublicApi.csproj", "{75F4DFA2-59DC-1EFC-5B9C-233BDBE8C386}"
EndProject
Project("{FAE04EC0-301F-11D3-BF4B-00C04F79EFBC}") = "Evently.Modules.Events.PublicApi", "src\Modules\Events\Evently.Modules.Events.PublicApi\Evently.Modules.Events.PublicApi.csproj", "{4199640A-92BB-0810-6FC1-250A6E7AAE87}"
EndProject
Global
	GlobalSection(SolutionConfigurationPlatforms) = preSolution
		Debug|Any CPU = Debug|Any CPU
		Release|Any CPU = Release|Any CPU
	EndGlobalSection
	GlobalSection(ProjectConfigurationPlatforms) = postSolution
		{69633D7F-9F82-49F7-9724-AEB93BCDE98C}.Debug|Any CPU.ActiveCfg = Debug|Any CPU
		{69633D7F-9F82-49F7-9724-AEB93BCDE98C}.Debug|Any CPU.Build.0 = Debug|Any CPU
		{69633D7F-9F82-49F7-9724-AEB93BCDE98C}.Release|Any CPU.ActiveCfg = Release|Any CPU
		{69633D7F-9F82-49F7-9724-AEB93BCDE98C}.Release|Any CPU.Build.0 = Release|Any CPU
		{81DDED9D-158B-E303-5F62-77A2896D2A5A}.Debug|Any CPU.ActiveCfg = Debug|Any CPU
		{81DDED9D-158B-E303-5F62-77A2896D2A5A}.Debug|Any CPU.Build.0 = Debug|Any CPU
		{81DDED9D-158B-E303-5F62-77A2896D2A5A}.Release|Any CPU.ActiveCfg = Release|Any CPU
		{81DDED9D-158B-E303-5F62-77A2896D2A5A}.Release|Any CPU.Build.0 = Release|Any CPU
		{574F6732-DF56-438D-9AA6-9C9B801A2E55}.Debug|Any CPU.ActiveCfg = Debug|Any CPU
		{574F6732-DF56-438D-9AA6-9C9B801A2E55}.Debug|Any CPU.Build.0 = Debug|Any CPU
		{574F6732-DF56-438D-9AA6-9C9B801A2E55}.Release|Any CPU.ActiveCfg = Release|Any CPU
		{574F6732-DF56-438D-9AA6-9C9B801A2E55}.Release|Any CPU.Build.0 = Release|Any CPU
		{4614595C-CAB7-4FF4-A932-519F4B8FEEAF}.Debug|Any CPU.ActiveCfg = Debug|Any CPU
		{4614595C-CAB7-4FF4-A932-519F4B8FEEAF}.Debug|Any CPU.Build.0 = Debug|Any CPU
		{4614595C-CAB7-4FF4-A932-519F4B8FEEAF}.Release|Any CPU.ActiveCfg = Release|Any CPU
		{4614595C-CAB7-4FF4-A932-519F4B8FEEAF}.Release|Any CPU.Build.0 = Release|Any CPU
		{C62A7CD6-2A56-438A-B738-5F24A018ED09}.Debug|Any CPU.ActiveCfg = Debug|Any CPU
		{C62A7CD6-2A56-438A-B738-5F24A018ED09}.Debug|Any CPU.Build.0 = Debug|Any CPU
		{C62A7CD6-2A56-438A-B738-5F24A018ED09}.Release|Any CPU.ActiveCfg = Release|Any CPU
		{C62A7CD6-2A56-438A-B738-5F24A018ED09}.Release|Any CPU.Build.0 = Release|Any CPU
		{7A0FCEC2-9400-CB8A-96ED-7F61D04B5F45}.Debug|Any CPU.ActiveCfg = Debug|Any CPU
		{7A0FCEC2-9400-CB8A-96ED-7F61D04B5F45}.Debug|Any CPU.Build.0 = Debug|Any CPU
		{7A0FCEC2-9400-CB8A-96ED-7F61D04B5F45}.Release|Any CPU.ActiveCfg = Release|Any CPU
		{7A0FCEC2-9400-CB8A-96ED-7F61D04B5F45}.Release|Any CPU.Build.0 = Release|Any CPU
		{EC72D821-A882-3355-48C1-ED3C4AEF846C}.Debug|Any CPU.ActiveCfg = Debug|Any CPU
		{EC72D821-A882-3355-48C1-ED3C4AEF846C}.Debug|Any CPU.Build.0 = Debug|Any CPU
		{EC72D821-A882-3355-48C1-ED3C4AEF846C}.Release|Any CPU.ActiveCfg = Release|Any CPU
		{EC72D821-A882-3355-48C1-ED3C4AEF846C}.Release|Any CPU.Build.0 = Release|Any CPU
		{E29BEEAC-19FC-96B2-60C2-EC51EE97D6DE}.Debug|Any CPU.ActiveCfg = Debug|Any CPU
		{E29BEEAC-19FC-96B2-60C2-EC51EE97D6DE}.Debug|Any CPU.Build.0 = Debug|Any CPU
		{E29BEEAC-19FC-96B2-60C2-EC51EE97D6DE}.Release|Any CPU.ActiveCfg = Release|Any CPU
		{E29BEEAC-19FC-96B2-60C2-EC51EE97D6DE}.Release|Any CPU.Build.0 = Release|Any CPU
		{E9688CBE-619E-D24B-CD7E-40190988778A}.Debug|Any CPU.ActiveCfg = Debug|Any CPU
		{E9688CBE-619E-D24B-CD7E-40190988778A}.Debug|Any CPU.Build.0 = Debug|Any CPU
		{E9688CBE-619E-D24B-CD7E-40190988778A}.Release|Any CPU.ActiveCfg = Release|Any CPU
		{E9688CBE-619E-D24B-CD7E-40190988778A}.Release|Any CPU.Build.0 = Release|Any CPU
		{B1A7A4DC-F05D-0EB4-59D9-D82DD9C6F5E5}.Debug|Any CPU.ActiveCfg = Debug|Any CPU
		{B1A7A4DC-F05D-0EB4-59D9-D82DD9C6F5E5}.Debug|Any CPU.Build.0 = Debug|Any CPU
		{B1A7A4DC-F05D-0EB4-59D9-D82DD9C6F5E5}.Release|Any CPU.ActiveCfg = Release|Any CPU
		{B1A7A4DC-F05D-0EB4-59D9-D82DD9C6F5E5}.Release|Any CPU.Build.0 = Release|Any CPU
		{E06F8A9C-BCA0-4A5B-C204-3A127E9A0754}.Debug|Any CPU.ActiveCfg = Debug|Any CPU
		{E06F8A9C-BCA0-4A5B-C204-3A127E9A0754}.Debug|Any CPU.Build.0 = Debug|Any CPU
		{E06F8A9C-BCA0-4A5B-C204-3A127E9A0754}.Release|Any CPU.ActiveCfg = Release|Any CPU
		{E06F8A9C-BCA0-4A5B-C204-3A127E9A0754}.Release|Any CPU.Build.0 = Release|Any CPU
		{C040CD69-809E-F02C-DC96-69D578C4A0B4}.Debug|Any CPU.ActiveCfg = Debug|Any CPU
		{C040CD69-809E-F02C-DC96-69D578C4A0B4}.Debug|Any CPU.Build.0 = Debug|Any CPU
		{C040CD69-809E-F02C-DC96-69D578C4A0B4}.Release|Any CPU.ActiveCfg = Release|Any CPU
		{C040CD69-809E-F02C-DC96-69D578C4A0B4}.Release|Any CPU.Build.0 = Release|Any CPU
		{EE62E27E-5630-A55A-D7D8-71C6DF796BB3}.Debug|Any CPU.ActiveCfg = Debug|Any CPU
		{EE62E27E-5630-A55A-D7D8-71C6DF796BB3}.Debug|Any CPU.Build.0 = Debug|Any CPU
		{EE62E27E-5630-A55A-D7D8-71C6DF796BB3}.Release|Any CPU.ActiveCfg = Release|Any CPU
		{EE62E27E-5630-A55A-D7D8-71C6DF796BB3}.Release|Any CPU.Build.0 = Release|Any CPU
		{322B57BC-0FE6-D9DD-6EE8-5D66AB133387}.Debug|Any CPU.ActiveCfg = Debug|Any CPU
		{322B57BC-0FE6-D9DD-6EE8-5D66AB133387}.Debug|Any CPU.Build.0 = Debug|Any CPU
		{322B57BC-0FE6-D9DD-6EE8-5D66AB133387}.Release|Any CPU.ActiveCfg = Release|Any CPU
		{322B57BC-0FE6-D9DD-6EE8-5D66AB133387}.Release|Any CPU.Build.0 = Release|Any CPU
		{F87A0D6E-FF6D-2B95-0C11-FBC6D71C7D83}.Debug|Any CPU.ActiveCfg = Debug|Any CPU
		{F87A0D6E-FF6D-2B95-0C11-FBC6D71C7D83}.Debug|Any CPU.Build.0 = Debug|Any CPU
		{F87A0D6E-FF6D-2B95-0C11-FBC6D71C7D83}.Release|Any CPU.ActiveCfg = Release|Any CPU
		{F87A0D6E-FF6D-2B95-0C11-FBC6D71C7D83}.Release|Any CPU.Build.0 = Release|Any CPU
		{C6D4E946-820A-9ECE-A47A-D744F8FE2D72}.Debug|Any CPU.ActiveCfg = Debug|Any CPU
		{C6D4E946-820A-9ECE-A47A-D744F8FE2D72}.Debug|Any CPU.Build.0 = Debug|Any CPU
		{C6D4E946-820A-9ECE-A47A-D744F8FE2D72}.Release|Any CPU.ActiveCfg = Release|Any CPU
		{C6D4E946-820A-9ECE-A47A-D744F8FE2D72}.Release|Any CPU.Build.0 = Release|Any CPU
		{3CE32BF2-1A88-A9F4-3897-90E773F68223}.Debug|Any CPU.ActiveCfg = Debug|Any CPU
		{3CE32BF2-1A88-A9F4-3897-90E773F68223}.Debug|Any CPU.Build.0 = Debug|Any CPU
		{3CE32BF2-1A88-A9F4-3897-90E773F68223}.Release|Any CPU.ActiveCfg = Release|Any CPU
		{3CE32BF2-1A88-A9F4-3897-90E773F68223}.Release|Any CPU.Build.0 = Release|Any CPU
		{82C39FB7-C060-23BA-23B2-EE4F3B469D47}.Debug|Any CPU.ActiveCfg = Debug|Any CPU
		{82C39FB7-C060-23BA-23B2-EE4F3B469D47}.Debug|Any CPU.Build.0 = Debug|Any CPU
		{82C39FB7-C060-23BA-23B2-EE4F3B469D47}.Release|Any CPU.ActiveCfg = Release|Any CPU
		{82C39FB7-C060-23BA-23B2-EE4F3B469D47}.Release|Any CPU.Build.0 = Release|Any CPU
		{75F4DFA2-59DC-1EFC-5B9C-233BDBE8C386}.Debug|Any CPU.ActiveCfg = Debug|Any CPU
		{75F4DFA2-59DC-1EFC-5B9C-233BDBE8C386}.Debug|Any CPU.Build.0 = Debug|Any CPU
		{75F4DFA2-59DC-1EFC-5B9C-233BDBE8C386}.Release|Any CPU.ActiveCfg = Release|Any CPU
		{75F4DFA2-59DC-1EFC-5B9C-233BDBE8C386}.Release|Any CPU.Build.0 = Release|Any CPU
		{4199640A-92BB-0810-6FC1-250A6E7AAE87}.Debug|Any CPU.ActiveCfg = Debug|Any CPU
		{4199640A-92BB-0810-6FC1-250A6E7AAE87}.Debug|Any CPU.Build.0 = Debug|Any CPU
		{4199640A-92BB-0810-6FC1-250A6E7AAE87}.Release|Any CPU.ActiveCfg = Release|Any CPU
		{4199640A-92BB-0810-6FC1-250A6E7AAE87}.Release|Any CPU.Build.0 = Release|Any CPU
	EndGlobalSection
	GlobalSection(SolutionProperties) = preSolution
		HideSolutionNode = FALSE
	EndGlobalSection
	GlobalSection(NestedProjects) = preSolution
		{42FB6429-757F-4AC4-865C-4D93E9AA0FF7} = {53E30C27-5495-41E4-9D60-BAA20E34C374}
		{71F96BCB-18F6-4E07-8136-096C62DFB821} = {53E30C27-5495-41E4-9D60-BAA20E34C374}
		{69633D7F-9F82-49F7-9724-AEB93BCDE98C} = {42FB6429-757F-4AC4-865C-4D93E9AA0FF7}
		{1DBB77A2-CCEE-4FE6-9287-85202FBE054B} = {71F96BCB-18F6-4E07-8136-096C62DFB821}
		{574F6732-DF56-438D-9AA6-9C9B801A2E55} = {1DBB77A2-CCEE-4FE6-9287-85202FBE054B}
		{4614595C-CAB7-4FF4-A932-519F4B8FEEAF} = {1DBB77A2-CCEE-4FE6-9287-85202FBE054B}
		{C62A7CD6-2A56-438A-B738-5F24A018ED09} = {1DBB77A2-CCEE-4FE6-9287-85202FBE054B}
		{7A0FCEC2-9400-CB8A-96ED-7F61D04B5F45} = {1DBB77A2-CCEE-4FE6-9287-85202FBE054B}
		{4C221089-B7AC-4D3C-A7E7-E110BABBF0CE} = {53E30C27-5495-41E4-9D60-BAA20E34C374}
		{EC72D821-A882-3355-48C1-ED3C4AEF846C} = {4C221089-B7AC-4D3C-A7E7-E110BABBF0CE}
		{E29BEEAC-19FC-96B2-60C2-EC51EE97D6DE} = {4C221089-B7AC-4D3C-A7E7-E110BABBF0CE}
		{E9688CBE-619E-D24B-CD7E-40190988778A} = {4C221089-B7AC-4D3C-A7E7-E110BABBF0CE}
		{B1A7A4DC-F05D-0EB4-59D9-D82DD9C6F5E5} = {4C221089-B7AC-4D3C-A7E7-E110BABBF0CE}
		{8B1C0B55-F22A-4DFC-A0D1-86427713D68C} = {71F96BCB-18F6-4E07-8136-096C62DFB821}
		{E06F8A9C-BCA0-4A5B-C204-3A127E9A0754} = {8B1C0B55-F22A-4DFC-A0D1-86427713D68C}
		{C040CD69-809E-F02C-DC96-69D578C4A0B4} = {8B1C0B55-F22A-4DFC-A0D1-86427713D68C}
		{EE62E27E-5630-A55A-D7D8-71C6DF796BB3} = {8B1C0B55-F22A-4DFC-A0D1-86427713D68C}
		{322B57BC-0FE6-D9DD-6EE8-5D66AB133387} = {8B1C0B55-F22A-4DFC-A0D1-86427713D68C}
		{887F6761-6860-4484-8F25-6AD0647E1F16} = {71F96BCB-18F6-4E07-8136-096C62DFB821}
		{F87A0D6E-FF6D-2B95-0C11-FBC6D71C7D83} = {887F6761-6860-4484-8F25-6AD0647E1F16}
		{C6D4E946-820A-9ECE-A47A-D744F8FE2D72} = {887F6761-6860-4484-8F25-6AD0647E1F16}
		{3CE32BF2-1A88-A9F4-3897-90E773F68223} = {887F6761-6860-4484-8F25-6AD0647E1F16}
		{82C39FB7-C060-23BA-23B2-EE4F3B469D47} = {887F6761-6860-4484-8F25-6AD0647E1F16}
		{75F4DFA2-59DC-1EFC-5B9C-233BDBE8C386} = {8B1C0B55-F22A-4DFC-A0D1-86427713D68C}
		{4199640A-92BB-0810-6FC1-250A6E7AAE87} = {1DBB77A2-CCEE-4FE6-9287-85202FBE054B}
	EndGlobalSection
	GlobalSection(ExtensibilityGlobals) = postSolution
		SolutionGuid = {1E42AE86-7F3C-45F4-A386-AB71CC4446CB}
	EndGlobalSection
EndGlobal
